Home
Templates
My Repls
Community
BETA
Learn
Teams
Curriculum
blog
about
careers
pricing
discord
alexankinm
alexankinm/Konat
Python
stop
Files
main.py
keep_alive.py
Packager files
poetry.lock
pyproject.toml
poetry.lock
1
2
3
4
5
6
7
8
9
10
11
12
13
14
15
16
17
18
19
20
21
22
23
24
25
26
27
28
29
30
31
32
33
34
35
36
37
38
39
[[package]]
name = "aiohttp"
version = "3.7.4.post0"
description = "Async http client/server framework (asyncio)"
category = "main"
optional = false
python-versions = ">=3.6"
[package.dependencies]
async-timeout = ">=3.0,<4.0"
attrs = ">=17.3.0"
chardet = ">=2.0,<5.0"
multidict = ">=4.5,<7.0"
typing-extensions = ">=3.6.5"
yarl = ">=1.0,<2.0"
[package.extras]
speedups = ["aiodns", "brotlipy", "cchardet"]
[[package]]
name = "async-timeout"
version = "3.0.1"
description = "Timeout context manager for asyncio programs"
category = "main"
optional = false
python-versions = ">=3.5.3"
[[package]]
name = "attrs"
version = "21.4.0"
description = "Classes Without Boilerplate"
category = "main"
optional = false
python-versions = ">=2.7, !=3.0.*, !=3.1.*, !=3.2.*, !=3.3.*, !=3.4.*"
[package.extras]
dev = ["coverage[toml] (>=5.0.2)", "hypothesis", "pympler", "pytest (>=4.3.0)", "six", "mypy", "pytest-mypy-plugins", "zope.interface", "furo", "sphinx", "sphinx-notfound-page", "pre-commit", "cloudpickle"]
docs = ["furo", "sphinx", "zope.interface", "sphinx-notfound-page"]
tests = ["coverage[toml] (>=5.0.2)", "hypothesis", "pympler", "pytest (>=4.3.0)", "six", "mypy", "pytest-mypy-plugins", "zope.interface", "cloudpickle"]

Console
Shell

